// !$*UTF8*$!
{
	archiveVersion = 1;
	classes = {
	};
	objectVersion = 50;
	objects = {

/* Begin PBXBuildFile section */
		6801809B249595890029ABFA /* AppDelegate.swift in Sources */ = {isa = PBXBuildFile; fileRef = 6801809A249595890029ABFA /* AppDelegate.swift */; };
		6801809D249595890029ABFA /* SceneDelegate.swift in Sources */ = {isa = PBXBuildFile; fileRef = 6801809C249595890029ABFA /* SceneDelegate.swift */; };
		6801809F249595890029ABFA /* HomeView.swift in Sources */ = {isa = PBXBuildFile; fileRef = 6801809E249595890029ABFA /* HomeView.swift */; };
		680180A12495958B0029ABFA /* Assets.xcassets in Resources */ = {isa = PBXBuildFile; fileRef = 680180A02495958B0029ABFA /* Assets.xcassets */; };
		680180A42495958B0029ABFA /* Preview Assets.xcassets in Resources */ = {isa = PBXBuildFile; fileRef = 680180A32495958B0029ABFA /* Preview Assets.xcassets */; };
		680180A72495958B0029ABFA /* LaunchScreen.storyboard in Resources */ = {isa = PBXBuildFile; fileRef = 680180A52495958B0029ABFA /* LaunchScreen.storyboard */; };
		680180B22495958B0029ABFA /* SpaceXTests.swift in Sources */ = {isa = PBXBuildFile; fileRef = 680180B12495958B0029ABFA /* SpaceXTests.swift */; };
		680180BD2495958B0029ABFA /* SpaceXUITests.swift in Sources */ = {isa = PBXBuildFile; fileRef = 680180BC2495958B0029ABFA /* SpaceXUITests.swift */; };
		680180CE24959B4A0029ABFA /* Rocket.swift in Sources */ = {isa = PBXBuildFile; fileRef = 680180CD24959B4A0029ABFA /* Rocket.swift */; };
		680180D124959C200029ABFA /* Loader.swift in Sources */ = {isa = PBXBuildFile; fileRef = 680180D024959C200029ABFA /* Loader.swift */; };
		680180D624959F840029ABFA /* RocketCardView.swift in Sources */ = {isa = PBXBuildFile; fileRef = 680180D524959F840029ABFA /* RocketCardView.swift */; };
		680180D82495A8560029ABFA /* rockets.json in Resources */ = {isa = PBXBuildFile; fileRef = 680180D72495A8560029ABFA /* rockets.json */; };
		680180DA2495AC0B0029ABFA /* RocketCollectionView.swift in Sources */ = {isa = PBXBuildFile; fileRef = 680180D92495AC0B0029ABFA /* RocketCollectionView.swift */; };
		680180DC2495B66D0029ABFA /* RocketDetailsView.swift in Sources */ = {isa = PBXBuildFile; fileRef = 680180DB2495B66D0029ABFA /* RocketDetailsView.swift */; };
/* End PBXBuildFile section */

/* Begin PBXContainerItemProxy section */
		680180AE2495958B0029ABFA /* PBXContainerItemProxy */ = {
			isa = PBXContainerItemProxy;
			containerPortal = 6801808F249595890029ABFA /* Project object */;
			proxyType = 1;
			remoteGlobalIDString = 68018096249595890029ABFA;
			remoteInfo = SpaceX;
		};
		680180B92495958B0029ABFA /* PBXContainerItemProxy */ = {
			isa = PBXContainerItemProxy;
			containerPortal = 6801808F249595890029ABFA /* Project object */;
			proxyType = 1;
			remoteGlobalIDString = 68018096249595890029ABFA;
			remoteInfo = SpaceX;
		};
/* End PBXContainerItemProxy section */

/* Begin PBXFileReference section */
		68018097249595890029ABFA /* SpaceX.app */ = {isa = PBXFileReference; explicitFileType = wrapper.application; includeInIndex = 0; path = SpaceX.app; sourceTree = BUILT_PRODUCTS_DIR; };
		6801809A249595890029ABFA /* AppDelegate.swift */ = {isa = PBXFileReference; lastKnownFileType = sourcecode.swift; path = AppDelegate.swift; sourceTree = "<group>"; };
		6801809C249595890029ABFA /* SceneDelegate.swift */ = {isa = PBXFileReference; lastKnownFileType = sourcecode.swift; path = SceneDelegate.swift; sourceTree = "<group>"; };
		6801809E249595890029ABFA /* HomeView.swift */ = {isa = PBXFileReference; lastKnownFileType = sourcecode.swift; path = HomeView.swift; sourceTree = "<group>"; };
		680180A02495958B0029ABFA /* Assets.xcassets */ = {isa = PBXFileReference; lastKnownFileType = folder.assetcatalog; path = Assets.xcassets; sourceTree = "<group>"; };
		680180A32495958B0029ABFA /* Preview Assets.xcassets */ = {isa = PBXFileReference; lastKnownFileType = folder.assetcatalog; path = "Preview Assets.xcassets"; sourceTree = "<group>"; };
		680180A62495958B0029ABFA /* Base */ = {isa = PBXFileReference; lastKnownFileType = file.storyboard; name = Base; path = Base.lproj/LaunchScreen.storyboard; sourceTree = "<group>"; };
		680180A82495958B0029ABFA /* Info.plist */ = {isa = PBXFileReference; lastKnownFileType = text.plist.xml; path = Info.plist; sourceTree = "<group>"; };
		680180AD2495958B0029ABFA /* SpaceXTests.xctest */ = {isa = PBXFileReference; explicitFileType = wrapper.cfbundle; includeInIndex = 0; path = SpaceXTests.xctest; sourceTree = BUILT_PRODUCTS_DIR; };
		680180B12495958B0029ABFA /* SpaceXTests.swift */ = {isa = PBXFileReference; lastKnownFileType = sourcecode.swift; path = SpaceXTests.swift; sourceTree = "<group>"; };
		680180B32495958B0029ABFA /* Info.plist */ = {isa = PBXFileReference; lastKnownFileType = text.plist.xml; path = Info.plist; sourceTree = "<group>"; };
		680180B82495958B0029ABFA /* SpaceXUITests.xctest */ = {isa = PBXFileReference; explicitFileType = wrapper.cfbundle; includeInIndex = 0; path = SpaceXUITests.xctest; sourceTree = BUILT_PRODUCTS_DIR; };
		680180BC2495958B0029ABFA /* SpaceXUITests.swift */ = {isa = PBXFileReference; lastKnownFileType = sourcecode.swift; path = SpaceXUITests.swift; sourceTree = "<group>"; };
		680180BE2495958B0029ABFA /* Info.plist */ = {isa = PBXFileReference; lastKnownFileType = text.plist.xml; path = Info.plist; sourceTree = "<group>"; };
		680180CD24959B4A0029ABFA /* Rocket.swift */ = {isa = PBXFileReference; lastKnownFileType = sourcecode.swift; path = Rocket.swift; sourceTree = "<group>"; };
		680180D024959C200029ABFA /* Loader.swift */ = {isa = PBXFileReference; lastKnownFileType = sourcecode.swift; path = Loader.swift; sourceTree = "<group>"; };
		680180D524959F840029ABFA /* RocketCardView.swift */ = {isa = PBXFileReference; lastKnownFileType = sourcecode.swift; path = RocketCardView.swift; sourceTree = "<group>"; };
		680180D72495A8560029ABFA /* rockets.json */ = {isa = PBXFileReference; fileEncoding = 4; lastKnownFileType = text.json; path = rockets.json; sourceTree = "<group>"; };
		680180D92495AC0B0029ABFA /* RocketCollectionView.swift */ = {isa = PBXFileReference; lastKnownFileType = sourcecode.swift; path = RocketCollectionView.swift; sourceTree = "<group>"; };
		680180DB2495B66D0029ABFA /* RocketDetailsView.swift */ = {isa = PBXFileReference; lastKnownFileType = sourcecode.swift; path = RocketDetailsView.swift; sourceTree = "<group>"; };
/* End PBXFileReference section */

/* Begin PBXFrameworksBuildPhase section */
		68018094249595890029ABFA /* Frameworks */ = {
			isa = PBXFrameworksBuildPhase;
			buildActionMask = 2147483647;
			files = (
			);
			runOnlyForDeploymentPostprocessing = 0;
		};
		680180AA2495958B0029ABFA /* Frameworks */ = {
			isa = PBXFrameworksBuildPhase;
			buildActionMask = 2147483647;
			files = (
			);
			runOnlyForDeploymentPostprocessing = 0;
		};
		680180B52495958B0029ABFA /* Frameworks */ = {
			isa = PBXFrameworksBuildPhase;
			buildActionMask = 2147483647;
			files = (
			);
			runOnlyForDeploymentPostprocessing = 0;
		};
/* End PBXFrameworksBuildPhase section */

/* Begin PBXGroup section */
		6801808E249595890029ABFA = {
			isa = PBXGroup;
			children = (
				68018099249595890029ABFA /* SpaceX */,
				680180B02495958B0029ABFA /* SpaceXTests */,
				680180BB2495958B0029ABFA /* SpaceXUITests */,
				68018098249595890029ABFA /* Products */,
			);
			sourceTree = "<group>";
		};
		68018098249595890029ABFA /* Products */ = {
			isa = PBXGroup;
			children = (
				68018097249595890029ABFA /* SpaceX.app */,
				680180AD2495958B0029ABFA /* SpaceXTests.xctest */,
				680180B82495958B0029ABFA /* SpaceXUITests.xctest */,
			);
			name = Products;
			sourceTree = "<group>";
		};
		68018099249595890029ABFA /* SpaceX */ = {
			isa = PBXGroup;
			children = (
				680180D224959EA10029ABFA /* Views */,
				680180A22495958B0029ABFA /* Preview Content */,
				680180CC24959B2D0029ABFA /* Models */,
				680180CF24959BD00029ABFA /* Utility */,
				680180A02495958B0029ABFA /* Assets.xcassets */,
				6801809A249595890029ABFA /* AppDelegate.swift */,
				6801809C249595890029ABFA /* SceneDelegate.swift */,
				680180A52495958B0029ABFA /* LaunchScreen.storyboard */,
				680180D72495A8560029ABFA /* rockets.json */,
				680180A82495958B0029ABFA /* Info.plist */,
			);
			path = SpaceX;
			sourceTree = "<group>";
		};
		680180A22495958B0029ABFA /* Preview Content */ = {
			isa = PBXGroup;
			children = (
				680180A32495958B0029ABFA /* Preview Assets.xcassets */,
			);
			path = "Preview Content";
			sourceTree = "<group>";
		};
		680180B02495958B0029ABFA /* SpaceXTests */ = {
			isa = PBXGroup;
			children = (
				680180B12495958B0029ABFA /* SpaceXTests.swift */,
				680180B32495958B0029ABFA /* Info.plist */,
			);
			path = SpaceXTests;
			sourceTree = "<group>";
		};
		680180BB2495958B0029ABFA /* SpaceXUITests */ = {
			isa = PBXGroup;
			children = (
				680180BC2495958B0029ABFA /* SpaceXUITests.swift */,
				680180BE2495958B0029ABFA /* Info.plist */,
			);
			path = SpaceXUITests;
			sourceTree = "<group>";
		};
		680180CC24959B2D0029ABFA /* Models */ = {
			isa = PBXGroup;
			children = (
				680180CD24959B4A0029ABFA /* Rocket.swift */,
			);
			path = Models;
			sourceTree = "<group>";
		};
		680180CF24959BD00029ABFA /* Utility */ = {
			isa = PBXGroup;
			children = (
				680180D024959C200029ABFA /* Loader.swift */,
			);
			path = Utility;
			sourceTree = "<group>";
		};
		680180D224959EA10029ABFA /* Views */ = {
			isa = PBXGroup;
			children = (
				6801809E249595890029ABFA /* HomeView.swift */,
				680180D92495AC0B0029ABFA /* RocketCollectionView.swift */,
				680180D524959F840029ABFA /* RocketCardView.swift */,
				680180DB2495B66D0029ABFA /* RocketDetailsView.swift */,
			);
			path = Views;
			sourceTree = "<group>";
		};
/* End PBXGroup section */

/* Begin PBXNativeTarget section */
		68018096249595890029ABFA /* SpaceX */ = {
			isa = PBXNativeTarget;
			buildConfigurationList = 680180C12495958B0029ABFA /* Build configuration list for PBXNativeTarget "SpaceX" */;
			buildPhases = (
				68018093249595890029ABFA /* Sources */,
				68018094249595890029ABFA /* Frameworks */,
				68018095249595890029ABFA /* Resources */,
			);
			buildRules = (
			);
			dependencies = (
			);
			name = SpaceX;
			productName = SpaceX;
			productReference = 68018097249595890029ABFA /* SpaceX.app */;
			productType = "com.apple.product-type.application";
		};
		680180AC2495958B0029ABFA /* SpaceXTests */ = {
			isa = PBXNativeTarget;
			buildConfigurationList = 680180C42495958B0029ABFA /* Build configuration list for PBXNativeTarget "SpaceXTests" */;
			buildPhases = (
				680180A92495958B0029ABFA /* Sources */,
				680180AA2495958B0029ABFA /* Frameworks */,
				680180AB2495958B0029ABFA /* Resources */,
			);
			buildRules = (
			);
			dependencies = (
				680180AF2495958B0029ABFA /* PBXTargetDependency */,
			);
			name = SpaceXTests;
			productName = SpaceXTests;
			productReference = 680180AD2495958B0029ABFA /* SpaceXTests.xctest */;
			productType = "com.apple.product-type.bundle.unit-test";
		};
		680180B72495958B0029ABFA /* SpaceXUITests */ = {
			isa = PBXNativeTarget;
			buildConfigurationList = 680180C72495958B0029ABFA /* Build configuration list for PBXNativeTarget "SpaceXUITests" */;
			buildPhases = (
				680180B42495958B0029ABFA /* Sources */,
				680180B52495958B0029ABFA /* Frameworks */,
				680180B62495958B0029ABFA /* Resources */,
			);
			buildRules = (
			);
			dependencies = (
				680180BA2495958B0029ABFA /* PBXTargetDependency */,
			);
			name = SpaceXUITests;
			productName = SpaceXUITests;
			productReference = 680180B82495958B0029ABFA /* SpaceXUITests.xctest */;
			productType = "com.apple.product-type.bundle.ui-testing";
		};
/* End PBXNativeTarget section */

/* Begin PBXProject section */
		6801808F249595890029ABFA /* Project object */ = {
			isa = PBXProject;
			attributes = {
				LastSwiftUpdateCheck = 1150;
				LastUpgradeCheck = 1150;
				ORGANIZATIONNAME = "Kyle Thompson";
				TargetAttributes = {
					68018096249595890029ABFA = {
						CreatedOnToolsVersion = 11.5;
					};
					680180AC2495958B0029ABFA = {
						CreatedOnToolsVersion = 11.5;
						TestTargetID = 68018096249595890029ABFA;
					};
					680180B72495958B0029ABFA = {
						CreatedOnToolsVersion = 11.5;
						TestTargetID = 68018096249595890029ABFA;
					};
				};
			};
			buildConfigurationList = 68018092249595890029ABFA /* Build configuration list for PBXProject "SpaceX" */;
			compatibilityVersion = "Xcode 9.3";
			developmentRegion = en;
			hasScannedForEncodings = 0;
			knownRegions = (
				en,
				Base,
			);
			mainGroup = 6801808E249595890029ABFA;
			productRefGroup = 68018098249595890029ABFA /* Products */;
			projectDirPath = "";
			projectRoot = "";
			targets = (
				68018096249595890029ABFA /* SpaceX */,
				680180AC2495958B0029ABFA /* SpaceXTests */,
				680180B72495958B0029ABFA /* SpaceXUITests */,
			);
		};
/* End PBXProject section */

/* Begin PBXResourcesBuildPhase section */
		68018095249595890029ABFA /* Resources */ = {
			isa = PBXResourcesBuildPhase;
			buildActionMask = 2147483647;
			files = (
				680180A72495958B0029ABFA /* LaunchScreen.storyboard in Resources */,
				680180A42495958B0029ABFA /* Preview Assets.xcassets in Resources */,
				680180A12495958B0029ABFA /* Assets.xcassets in Resources */,
				680180D82495A8560029ABFA /* rockets.json in Resources */,
			);
			runOnlyForDeploymentPostprocessing = 0;
		};
		680180AB2495958B0029ABFA /* Resources */ = {
			isa = PBXResourcesBuildPhase;
			buildActionMask = 2147483647;
			files = (
			);
			runOnlyForDeploymentPostprocessing = 0;
		};
		680180B62495958B0029ABFA /* Resources */ = {
			isa = PBXResourcesBuildPhase;
			buildActionMask = 2147483647;
			files = (
			);
			runOnlyForDeploymentPostprocessing = 0;
		};
/* End PBXResourcesBuildPhase section */

/* Begin PBXSourcesBuildPhase section */
		68018093249595890029ABFA /* Sources */ = {
			isa = PBXSourcesBuildPhase;
			buildActionMask = 2147483647;
			files = (
				680180DA2495AC0B0029ABFA /* RocketCollectionView.swift in Sources */,
				6801809B249595890029ABFA /* AppDelegate.swift in Sources */,
				6801809D249595890029ABFA /* SceneDelegate.swift in Sources */,
				680180DC2495B66D0029ABFA /* RocketDetailsView.swift in Sources */,
				680180D124959C200029ABFA /* Loader.swift in Sources */,
				6801809F249595890029ABFA /* HomeView.swift in Sources */,
				680180CE24959B4A0029ABFA /* Rocket.swift in Sources */,
				680180D624959F840029ABFA /* RocketCardView.swift in Sources */,
			);
			runOnlyForDeploymentPostprocessing = 0;
		};
		680180A92495958B0029ABFA /* Sources */ = {
			isa = PBXSourcesBuildPhase;
			buildActionMask = 2147483647;
			files = (
				680180B22495958B0029ABFA /* SpaceXTests.swift in Sources */,
			);
			runOnlyForDeploymentPostprocessing = 0;
		};
		680180B42495958B0029ABFA /* Sources */ = {
			isa = PBXSourcesBuildPhase;
			buildActionMask = 2147483647;
			files = (
				680180BD2495958B0029ABFA /* SpaceXUITests.swift in Sources */,
			);
			runOnlyForDeploymentPostprocessing = 0;
		};
/* End PBXSourcesBuildPhase section */

/* Begin PBXTargetDependency section */
		680180AF2495958B0029ABFA /* PBXTargetDependency */ = {
			isa = PBXTargetDependency;
			target = 68018096249595890029ABFA /* SpaceX */;
			targetProxy = 680180AE2495958B0029ABFA /* PBXContainerItemProxy */;
		};
		680180BA2495958B0029ABFA /* PBXTargetDependency */ = {
			isa = PBXTargetDependency;
			target = 68018096249595890029ABFA /* SpaceX */;
			targetProxy = 680180B92495958B0029ABFA /* PBXContainerItemProxy */;
		};
/* End PBXTargetDependency section */

/* Begin PBXVariantGroup section */
		680180A52495958B0029ABFA /* LaunchScreen.storyboard */ = {
			isa = PBXVariantGroup;
			children = (
				680180A62495958B0029ABFA /* Base */,
			);
			name = LaunchScreen.storyboard;
			sourceTree = "<group>";
		};
/* End PBXVariantGroup section */

/* Begin XCBuildConfiguration section */
		680180BF2495958B0029ABFA /* Debug */ = {
			isa = XCBuildConfiguration;
			buildSettings = {
				ALWAYS_SEARCH_USER_PATHS = NO;
				CLANG_ANALYZER_NONNULL = YES;
				CLANG_ANALYZER_NUMBER_OBJECT_CONVERSION = YES_AGGRESSIVE;
				CLANG_CXX_LANGUAGE_STANDARD = "gnu++14";
				CLANG_CXX_LIBRARY = "libc++";
				CLANG_ENABLE_MODULES = YES;
				CLANG_ENABLE_OBJC_ARC = YES;
				CLANG_ENABLE_OBJC_WEAK = YES;
				CLANG_WARN_BLOCK_CAPTURE_AUTORELEASING = YES;
				CLANG_WARN_BOOL_CONVERSION = YES;
				CLANG_WARN_COMMA = YES;
				CLANG_WARN_CONSTANT_CONVERSION = YES;
				CLANG_WARN_DEPRECATED_OBJC_IMPLEMENTATIONS = YES;
				CLANG_WARN_DIRECT_OBJC_ISA_USAGE = YES_ERROR;
				CLANG_WARN_DOCUMENTATION_COMMENTS = YES;
				CLANG_WARN_EMPTY_BODY = YES;
				CLANG_WARN_ENUM_CONVERSION = YES;
				CLANG_WARN_INFINITE_RECURSION = YES;
				CLANG_WARN_INT_CONVERSION = YES;
				CLANG_WARN_NON_LITERAL_NULL_CONVERSION = YES;
				CLANG_WARN_OBJC_IMPLICIT_RETAIN_SELF = YES;
				CLANG_WARN_OBJC_LITERAL_CONVERSION = YES;
				CLANG_WARN_OBJC_ROOT_CLASS = YES_ERROR;
				CLANG_WARN_RANGE_LOOP_ANALYSIS = YES;
				CLANG_WARN_STRICT_PROTOTYPES = YES;
				CLANG_WARN_SUSPICIOUS_MOVE = YES;
				CLANG_WARN_UNGUARDED_AVAILABILITY = YES_AGGRESSIVE;
				CLANG_WARN_UNREACHABLE_CODE = YES;
				CLANG_WARN__DUPLICATE_METHOD_MATCH = YES;
				COPY_PHASE_STRIP = NO;
				DEBUG_INFORMATION_FORMAT = dwarf;
				ENABLE_STRICT_OBJC_MSGSEND = YES;
				ENABLE_TESTABILITY = YES;
				GCC_C_LANGUAGE_STANDARD = gnu11;
				GCC_DYNAMIC_NO_PIC = NO;
				GCC_NO_COMMON_BLOCKS = YES;
				GCC_OPTIMIZATION_LEVEL = 0;
				GCC_PREPROCESSOR_DEFINITIONS = (
					"DEBUG=1",
					"$(inherited)",
				);
				GCC_WARN_64_TO_32_BIT_CONVERSION = YES;
				GCC_WARN_ABOUT_RETURN_TYPE = YES_ERROR;
				GCC_WARN_UNDECLARED_SELECTOR = YES;
				GCC_WARN_UNINITIALIZED_AUTOS = YES_AGGRESSIVE;
				GCC_WARN_UNUSED_FUNCTION = YES;
				GCC_WARN_UNUSED_VARIABLE = YES;
				IPHONEOS_DEPLOYMENT_TARGET = 13.0;
				MTL_ENABLE_DEBUG_INFO = INCLUDE_SOURCE;
				MTL_FAST_MATH = YES;
				ONLY_ACTIVE_ARCH = YES;
				SDKROOT = iphoneos;
				SWIFT_ACTIVE_COMPILATION_CONDITIONS = DEBUG;
				SWIFT_OPTIMIZATION_LEVEL = "-Onone";
			};
			name = Debug;
		};
		680180C02495958B0029ABFA /* Release */ = {
			isa = XCBuildConfiguration;
			buildSettings = {
				ALWAYS_SEARCH_USER_PATHS = NO;
				CLANG_ANALYZER_NONNULL = YES;
				CLANG_ANALYZER_NUMBER_OBJECT_CONVERSION = YES_AGGRESSIVE;
				CLANG_CXX_LANGUAGE_STANDARD = "gnu++14";
				CLANG_CXX_LIBRARY = "libc++";
				CLANG_ENABLE_MODULES = YES;
				CLANG_ENABLE_OBJC_ARC = YES;
				CLANG_ENABLE_OBJC_WEAK = YES;
				CLANG_WARN_BLOCK_CAPTURE_AUTORELEASING = YES;
				CLANG_WARN_BOOL_CONVERSION = YES;
				CLANG_WARN_COMMA = YES;
				CLANG_WARN_CONSTANT_CONVERSION = YES;
				CLANG_WARN_DEPRECATED_OBJC_IMPLEMENTATIONS = YES;
				CLANG_WARN_DIRECT_OBJC_ISA_USAGE = YES_ERROR;
				CLANG_WARN_DOCUMENTATION_COMMENTS = YES;
				CLANG_WARN_EMPTY_BODY = YES;
				CLANG_WARN_ENUM_CONVERSION = YES;
				CLANG_WARN_INFINITE_RECURSION = YES;
				CLANG_WARN_INT_CONVERSION = YES;
				CLANG_WARN_NON_LITERAL_NULL_CONVERSION = YES;
				CLANG_WARN_OBJC_IMPLICIT_RETAIN_SELF = YES;
				CLANG_WARN_OBJC_LITERAL_CONVERSION = YES;
				CLANG_WARN_OBJC_ROOT_CLASS = YES_ERROR;
				CLANG_WARN_RANGE_LOOP_ANALYSIS = YES;
				CLANG_WARN_STRICT_PROTOTYPES = YES;
				CLANG_WARN_SUSPICIOUS_MOVE = YES;
				CLANG_WARN_UNGUARDED_AVAILABILITY = YES_AGGRESSIVE;
				CLANG_WARN_UNREACHABLE_CODE = YES;
				CLANG_WARN__DUPLICATE_METHOD_MATCH = YES;
				COPY_PHASE_STRIP = NO;
				DEBUG_INFORMATION_FORMAT = "dwarf-with-dsym";
				ENABLE_NS_ASSERTIONS = NO;
				ENABLE_STRICT_OBJC_MSGSEND = YES;
				GCC_C_LANGUAGE_STANDARD = gnu11;
				GCC_NO_COMMON_BLOCKS = YES;
				GCC_WARN_64_TO_32_BIT_CONVERSION = YES;
				GCC_WARN_ABOUT_RETURN_TYPE = YES_ERROR;
				GCC_WARN_UNDECLARED_SELECTOR = YES;
				GCC_WARN_UNINITIALIZED_AUTOS = YES_AGGRESSIVE;
				GCC_WARN_UNUSED_FUNCTION = YES;
				GCC_WARN_UNUSED_VARIABLE = YES;
				IPHONEOS_DEPLOYMENT_TARGET = 13.0;
				MTL_ENABLE_DEBUG_INFO = NO;
				MTL_FAST_MATH = YES;
				SDKROOT = iphoneos;
				SWIFT_COMPILATION_MODE = wholemodule;
				SWIFT_OPTIMIZATION_LEVEL = "-O";
				VALIDATE_PRODUCT = YES;
			};
			name = Release;
		};
		680180C22495958B0029ABFA /* Debug */ = {
			isa = XCBuildConfiguration;
			buildSettings = {
				ASSETCATALOG_COMPILER_APPICON_NAME = AppIcon;
				CODE_SIGN_STYLE = Automatic;
				DEVELOPMENT_ASSET_PATHS = "\"SpaceX/Preview Content\"";
				DEVELOPMENT_TEAM = 5B2H3TP95N;
				ENABLE_PREVIEWS = YES;
				INFOPLIST_FILE = SpaceX/Info.plist;
				LD_RUNPATH_SEARCH_PATHS = (
					"$(inherited)",
					"@executable_path/Frameworks",
				);
				PRODUCT_BUNDLE_IDENTIFIER = com.kthompson.SpaceX;
				PRODUCT_NAME = "$(TARGET_NAME)";
				SWIFT_VERSION = 5.0;
				TARGETED_DEVICE_FAMILY = "1,2";
			};
			name = Debug;
		};
		680180C32495958B0029ABFA /* Release */ = {
			isa = XCBuildConfiguration;
			buildSettings = {
				ASSETCATALOG_COMPILER_APPICON_NAME = AppIcon;
				CODE_SIGN_STYLE = Automatic;
				DEVELOPMENT_ASSET_PATHS = "\"SpaceX/Preview Content\"";
				DEVELOPMENT_TEAM = 5B2H3TP95N;
				ENABLE_PREVIEWS = YES;
				INFOPLIST_FILE = SpaceX/Info.plist;
				LD_RUNPATH_SEARCH_PATHS = (
					"$(inherited)",
					"@executable_path/Frameworks",
				);
				PRODUCT_BUNDLE_IDENTIFIER = com.kthompson.SpaceX;
				PRODUCT_NAME = "$(TARGET_NAME)";
				SWIFT_VERSION = 5.0;
				TARGETED_DEVICE_FAMILY = "1,2";
			};
			name = Release;
		};
		680180C52495958B0029ABFA /* Debug */ = {
			isa = XCBuildConfiguration;
			buildSettings = {
				ALWAYS_EMBED_SWIFT_STANDARD_LIBRARIES = YES;
				BUNDLE_LOADER = "$(TEST_HOST)";
				CODE_SIGN_STYLE = Automatic;
				DEVELOPMENT_TEAM = 53BH995SD4;
				INFOPLIST_FILE = SpaceXTests/Info.plist;
				IPHONEOS_DEPLOYMENT_TARGET = 13.5;
				LD_RUNPATH_SEARCH_PATHS = (
					"$(inherited)",
					"@executable_path/Frameworks",
					"@loader_path/Frameworks",
				);
				PRODUCT_BUNDLE_IDENTIFIER = com.kthompson.SpaceXTests;
				PRODUCT_NAME = "$(TARGET_NAME)";
				SWIFT_VERSION = 5.0;
				TARGETED_DEVICE_FAMILY = "1,2";
				TEST_HOST = "$(BUILT_PRODUCTS_DIR)/SpaceX.app/SpaceX";
			};
			name = Debug;
		};
		680180C62495958B0029ABFA /* Release */ = {
			isa = XCBuildConfiguration;
			buildSettings = {
				ALWAYS_EMBED_SWIFT_STANDARD_LIBRARIES = YES;
				BUNDLE_LOADER = "$(TEST_HOST)";
				CODE_SIGN_STYLE = Automatic;
				DEVELOPMENT_TEAM = 53BH995SD4;
				INFOPLIST_FILE = SpaceXTests/Info.plist;
				IPHONEOS_DEPLOYMENT_TARGET = 13.5;
				LD_RUNPATH_SEARCH_PATHS = (
					"$(inherited)",
					"@executable_path/Frameworks",
					"@loader_path/Frameworks",
				);
				PRODUCT_BUNDLE_IDENTIFIER = com.kthompson.SpaceXTests;
				PRODUCT_NAME = "$(TARGET_NAME)";
				SWIFT_VERSION = 5.0;
				TARGETED_DEVICE_FAMILY = "1,2";
				TEST_HOST = "$(BUILT_PRODUCTS_DIR)/SpaceX.app/SpaceX";
			};
			name = Release;
		};
		680180C82495958B0029ABFA /* Debug */ = {
			isa = XCBuildConfiguration;
			buildSettings = {
				ALWAYS_EMBED_SWIFT_STANDARD_LIBRARIES = YES;
				CODE_SIGN_STYLE = Automatic;
				DEVELOPMENT_TEAM = 53BH995SD4;
				INFOPLIST_FILE = SpaceXUITests/Info.plist;
				LD_RUNPATH_SEARCH_PATHS = (
					"$(inherited)",
					"@executable_path/Frameworks",
					"@loader_path/Frameworks",
				);
				PRODUCT_BUNDLE_IDENTIFIER = com.kthompson.SpaceXUITests;
				PRODUCT_NAME = "$(TARGET_NAME)";
				SWIFT_VERSION = 5.0;
				TARGETED_DEVICE_FAMILY = "1,2";
				TEST_TARGET_NAME = SpaceX;
			};
			name = Debug;
		};
		680180C92495958B0029ABFA /* Release */ = {
			isa = XCBuildConfiguration;
			buildSettings = {
				ALWAYS_EMBED_SWIFT_STANDARD_LIBRARIES = YES;
				CODE_SIGN_STYLE = Automatic;
				DEVELOPMENT_TEAM = 53BH995SD4;
				INFOPLIST_FILE = SpaceXUITests/Info.plist;
				LD_RUNPATH_SEARCH_PATHS = (
					"$(inherited)",
					"@executable_path/Frameworks",
					"@loader_path/Frameworks",
				);
				PRODUCT_BUNDLE_IDENTIFIER = com.kthompson.SpaceXUITests;
				PRODUCT_NAME = "$(TARGET_NAME)";
				SWIFT_VERSION = 5.0;
				TARGETED_DEVICE_FAMILY = "1,2";
				TEST_TARGET_NAME = SpaceX;
			};
			name = Release;
		};
/* End XCBuildConfiguration section */

/* Begin XCConfigurationList section */
		68018092249595890029ABFA /* Build configuration list for PBXProject "SpaceX" */ = {
			isa = XCConfigurationList;
			buildConfigurations = (
				680180BF2495958B0029ABFA /* Debug */,
				680180C02495958B0029ABFA /* Release */,
			);
			defaultConfigurationIsVisible = 0;
			defaultConfigurationName = Release;
		};
		680180C12495958B0029ABFA /* Build configuration list for PBXNativeTarget "SpaceX" */ = {
			isa = XCConfigurationList;
			buildConfigurations = (
				680180C22495958B0029ABFA /* Debug */,
				680180C32495958B0029ABFA /* Release */,
			);
			defaultConfigurationIsVisible = 0;
			defaultConfigurationName = Release;
		};
		680180C42495958B0029ABFA /* Build configuration list for PBXNativeTarget "SpaceXTests" */ = {
			isa = XCConfigurationList;
			buildConfigurations = (
				680180C52495958B0029ABFA /* Debug */,
				680180C62495958B0029ABFA /* Release */,
			);
			defaultConfigurationIsVisible = 0;
			defaultConfigurationName = Release;
		};
		680180C72495958B0029ABFA /* Build configuration list for PBXNativeTarget "SpaceXUITests" */ = {
			isa = XCConfigurationList;
			buildConfigurations = (
				680180C82495958B0029ABFA /* Debug */,
				680180C92495958B0029ABFA /* Release */,
			);
			defaultConfigurationIsVisible = 0;
			defaultConfigurationName = Release;
		};
/* End XCConfigurationList section */
	};
	rootObject = 6801808F249595890029ABFA /* Project object */;
}
